
Microsoft Visual Studio Solution File, Format Version 12.00
# Visual Studio Version 17
VisualStudioVersion = 17.4.33205.214
MinimumVisualStudioVersion = 10.0.40219.1
Project("{FAE04EC0-301F-11D3-BF4B-00C04F79EFBC}") = "SearchNavigator", "SearchNavigator.csproj", "{2EC51E16-1982-4E99-B576-E1630E4383C6}"
EndProject
Global
	GlobalSection(SolutionConfigurationPlatforms) = preSolution
		Debug|Any CPU = Debug|Any CPU
		Release|Any CPU = Release|Any CPU
	EndGlobalSection
	GlobalSection(ProjectConfigurationPlatforms) = postSolution
		{2EC51E16-1982-4E99-B576-E1630E4383C6}.Debug|Any CPU.ActiveCfg = Debug|Any CPU
		{2EC51E16-1982-4E99-B576-E1630E4383C6}.Debug|Any CPU.Build.0 = Debug|Any CPU
		{2EC51E16-1982-4E99-B576-E1630E4383C6}.Release|Any CPU.ActiveCfg = Release|Any CPU
		{2EC51E16-1982-4E99-B576-E1630E4383C6}.Release|Any CPU.Build.0 = Release|Any CPU
	EndGlobalSection
	GlobalSection(SolutionProperties) = preSolution
		HideSolutionNode = FALSE
	EndGlobalSection
	GlobalSection(ExtensibilityGlobals) = postSolution
		SolutionGuid = {20869947-B8AA-46B5-8D32-6F6914F6A718}
	EndGlobalSection
EndGlobal
